
Microsoft Visual Studio Solution File, Format Version 12.00
# Visual Studio Version 17
VisualStudioVersion = 17.0.31903.59
MinimumVisualStudioVersion = 10.0.40219.1
Project("{8BC9CEB8-8B4A-11D0-8D11-00A0C91BC942}") = "Lab-6-dop-", "Lab-6-dop-.vcxproj", "{BC41F926-5B66-44F3-9E8B-0FBE0D0FB4BB}"
EndProject
Global
	GlobalSection(SolutionConfigurationPlatforms) = preSolution
		Debug|x64 = Debug|x64
		Debug|x86 = Debug|x86
		Release|x64 = Release|x64
		Release|x86 = Release|x86
	EndGlobalSection
	GlobalSection(ProjectConfigurationPlatforms) = postSolution
		{BC41F926-5B66-44F3-9E8B-0FBE0D0FB4BB}.Debug|x64.ActiveCfg = Debug|x64
		{BC41F926-5B66-44F3-9E8B-0FBE0D0FB4BB}.Debug|x64.Build.0 = Debug|x64
		{BC41F926-5B66-44F3-9E8B-0FBE0D0FB4BB}.Debug|x86.ActiveCfg = Debug|Win32
		{BC41F926-5B66-44F3-9E8B-0FBE0D0FB4BB}.Debug|x86.Build.0 = Debug|Win32
		{BC41F926-5B66-44F3-9E8B-0FBE0D0FB4BB}.Release|x64.ActiveCfg = Release|x64
		{BC41F926-5B66-44F3-9E8B-0FBE0D0FB4BB}.Release|x64.Build.0 = Release|x64
		{BC41F926-5B66-44F3-9E8B-0FBE0D0FB4BB}.Release|x86.ActiveCfg = Release|Win32
		{BC41F926-5B66-44F3-9E8B-0FBE0D0FB4BB}.Release|x86.Build.0 = Release|Win32
	EndGlobalSection
	GlobalSection(SolutionProperties) = preSolution
		HideSolutionNode = FALSE
	EndGlobalSection
	GlobalSection(ExtensibilityGlobals) = postSolution
		SolutionGuid = {5B0C82B7-714E-4674-A126-A4955A48CC11}
	EndGlobalSection
EndGlobal
